{
    "_readme": [
        "This file locks the dependencies of your project to a known state",
        "Read more about it at https://getcomposer.org/doc/01-basic-usage.md#composer-lock-the-lock-file",
        "This file is @generated automatically"
    ],
    "hash": "ef7959f23b7bb321741ca39954dc7977",
    "packages": [
        {
            "name": "fezfez/php-to-zephir",
            "version": "dev-master",
            "source": {
                "type": "git",
                "url": "https://github.com/fezfez/php-to-zephir.git",
                "reference": "f36856f88b1faa47981aa9fa8187c7140023a44e"
            },
            "dist": {
                "type": "zip",
                "url": "https://api.github.com/repos/fezfez/php-to-zephir/zipball/f36856f88b1faa47981aa9fa8187c7140023a44e",
                "reference": "f36856f88b1faa47981aa9fa8187c7140023a44e",
                "shasum": ""
            },
            "require": {
                "nikic/php-parser": "1.4.*",
                "phalcon/zephir": "0.7.*",
                "phpdocumentor/reflection-docblock": "2.0.*",
                "symfony/console": "2.7.*"
            },
            "require-dev": {
                "phpunit/phpunit": "4.8.*"
            },
            "bin": [
                "bin/php-to-zephir"
            ],
            "type": "library",
            "autoload": {
                "psr-0": {
                    "PhpToZephir": "src/"
                }
            },
            "notification-url": "https://packagist.org/downloads/",
            "authors": [
                {
                    "name": "Stéphane Demonchaux",
                    "email": "demonchaux.stephane@gmail.com"
                }
            ],
            "description": "Transform php code to zephir",
            "homepage": "https://github.com/fezfez/php-to-zephir",
            "keywords": [
                "code conversion",
                "convert php",
                "php to zephir",
                "zephir"
            ],
            "time": "2015-08-21 13:26:47"
        },
        {
            "name": "nikic/php-parser",
            "version": "v1.4.0",
            "source": {
                "type": "git",
                "url": "https://github.com/nikic/PHP-Parser.git",
                "reference": "196f177cfefa0f1f7166c0a05d8255889be12418"
            },
            "dist": {
                "type": "zip",
                "url": "https://api.github.com/repos/nikic/PHP-Parser/zipball/196f177cfefa0f1f7166c0a05d8255889be12418",
                "reference": "196f177cfefa0f1f7166c0a05d8255889be12418",
                "shasum": ""
            },
            "require": {
                "ext-tokenizer": "*",
                "php": ">=5.3"
            },
            "type": "library",
            "extra": {
                "branch-alias": {
                    "dev-master": "1.4-dev"
                }
            },
            "autoload": {
                "files": [
                    "lib/bootstrap.php"
                ]
            },
            "notification-url": "https://packagist.org/downloads/",
            "license": [
                "BSD-3-Clause"
            ],
            "authors": [
                {
                    "name": "Nikita Popov"
                }
            ],
            "description": "A PHP parser written in PHP",
            "keywords": [
                "parser",
                "php"
            ],
            "time": "2015-07-14 17:31:05"
        },
        {
            "name": "phalcon/zephir",
            "version": "0.7.1",
            "source": {
                "type": "git",
                "url": "https://github.com/phalcon/zephir.git",
                "reference": "182c87d35201a8d4cb4c44c27955f325a1f73b43"
            },
            "dist": {
                "type": "zip",
                "url": "https://api.github.com/repos/phalcon/zephir/zipball/182c87d35201a8d4cb4c44c27955f325a1f73b43",
                "reference": "182c87d35201a8d4cb4c44c27955f325a1f73b43",
                "shasum": ""
            },
            "require": {
                "ext-ctype": "*",
                "ext-hash": "*",
                "ext-json": "*",
                "php": ">=5.3"
            },
            "require-dev": {
                "ext-gmp": "*",
                "ext-pdo": "*",
                "ext-pdo_sqlite": "*",
                "phpunit/phpunit": "3.7.*",
                "squizlabs/php_codesniffer": "~2.3.3"
            },
            "bin": [
                "bin/zephir"
            ],
            "type": "library",
            "extra": {
                "branch-alias": {
                    "dev-master": "1.0-dev"
                }
            },
            "autoload": {
                "psr-4": {
                    "Zephir\\": "Library"
                }
            },
            "notification-url": "https://packagist.org/downloads/",
            "license": [
                "MIT"
            ],
            "authors": [
                {
                    "name": "Zephir Team",
                    "homepage": "http://zephir-lang.com/"
                },
                {
                    "name": "Contributors",
                    "homepage": "https://github.com/phalcon/zephir/graphs/contributors"
                }
            ],
            "description": "Zephir is a compiled high level language aimed to the creation of C-extensions for PHP",
            "homepage": "http://zephir-lang.com/",
            "keywords": [
                "extension"
            ],
            "time": "2015-07-15 00:41:42"
        },
        {
            "name": "phpdocumentor/reflection-docblock",
            "version": "2.0.4",
            "source": {
                "type": "git",
                "url": "https://github.com/phpDocumentor/ReflectionDocBlock.git",
                "reference": "d68dbdc53dc358a816f00b300704702b2eaff7b8"
            },
            "dist": {
                "type": "zip",
                "url": "https://api.github.com/repos/phpDocumentor/ReflectionDocBlock/zipball/d68dbdc53dc358a816f00b300704702b2eaff7b8",
                "reference": "d68dbdc53dc358a816f00b300704702b2eaff7b8",
                "shasum": ""
            },
            "require": {
                "php": ">=5.3.3"
            },
            "require-dev": {
                "phpunit/phpunit": "~4.0"
            },
            "suggest": {
                "dflydev/markdown": "~1.0",
                "erusev/parsedown": "~1.0"
            },
            "type": "library",
            "extra": {
                "branch-alias": {
                    "dev-master": "2.0.x-dev"
                }
            },
            "autoload": {
                "psr-0": {
                    "phpDocumentor": [
                        "src/"
                    ]
                }
            },
            "notification-url": "https://packagist.org/downloads/",
            "license": [
                "MIT"
            ],
            "authors": [
                {
                    "name": "Mike van Riel",
                    "email": "mike.vanriel@naenius.com"
                }
            ],
            "time": "2015-02-03 12:10:50"
        },
        {
            "name": "symfony/console",
            "version": "v2.7.3",
            "source": {
                "type": "git",
                "url": "https://github.com/symfony/Console.git",
                "reference": "d6cf02fe73634c96677e428f840704bfbcaec29e"
            },
            "dist": {
                "type": "zip",
                "url": "https://api.github.com/repos/symfony/Console/zipball/d6cf02fe73634c96677e428f840704bfbcaec29e",
                "reference": "d6cf02fe73634c96677e428f840704bfbcaec29e",
                "shasum": ""
            },
            "require": {
                "php": ">=5.3.9"
            },
            "require-dev": {
                "psr/log": "~1.0",
                "symfony/event-dispatcher": "~2.1",
                "symfony/phpunit-bridge": "~2.7",
                "symfony/process": "~2.1"
            },
            "suggest": {
                "psr/log": "For using the console logger",
                "symfony/event-dispatcher": "",
                "symfony/process": ""
            },
            "type": "library",
            "extra": {
                "branch-alias": {
                    "dev-master": "2.7-dev"
                }
            },
            "autoload": {
                "psr-4": {
                    "Symfony\\Component\\Console\\": ""
                }
            },
            "notification-url": "https://packagist.org/downloads/",
            "license": [
                "MIT"
            ],
            "authors": [
                {
                    "name": "Fabien Potencier",
                    "email": "fabien@symfony.com"
                },
                {
                    "name": "Symfony Community",
                    "homepage": "https://symfony.com/contributors"
                }
            ],
            "description": "Symfony Console Component",
            "homepage": "https://symfony.com",
            "time": "2015-07-28 15:18:12"
        },
        {
            "name": "symfony/event-dispatcher",
            "version": "v2.7.3",
            "source": {
                "type": "git",
                "url": "https://github.com/symfony/EventDispatcher.git",
                "reference": "9310b5f9a87ec2ea75d20fec0b0017c77c66dac3"
            },
            "dist": {
                "type": "zip",
                "url": "https://api.github.com/repos/symfony/EventDispatcher/zipball/9310b5f9a87ec2ea75d20fec0b0017c77c66dac3",
                "reference": "9310b5f9a87ec2ea75d20fec0b0017c77c66dac3",
                "shasum": ""
            },
            "require": {
                "php": ">=5.3.9"
            },
            "require-dev": {
                "psr/log": "~1.0",
                "symfony/config": "~2.0,>=2.0.5",
                "symfony/dependency-injection": "~2.6",
                "symfony/expression-language": "~2.6",
                "symfony/phpunit-bridge": "~2.7",
                "symfony/stopwatch": "~2.3"
            },
            "suggest": {
                "symfony/dependency-injection": "",
                "symfony/http-kernel": ""
            },
            "type": "library",
            "extra": {
                "branch-alias": {
                    "dev-master": "2.7-dev"
                }
            },
            "autoload": {
                "psr-4": {
                    "Symfony\\Component\\EventDispatcher\\": ""
                }
            },
            "notification-url": "https://packagist.org/downloads/",
            "license": [
                "MIT"
            ],
            "authors": [
                {
                    "name": "Fabien Potencier",
                    "email": "fabien@symfony.com"
                },
                {
                    "name": "Symfony Community",
                    "homepage": "https://symfony.com/contributors"
                }
            ],
            "description": "Symfony EventDispatcher Component",
            "homepage": "https://symfony.com",
            "time": "2015-06-18 19:21:56"
        }
    ],
    "packages-dev": [],
    "aliases": [],
    "minimum-stability": "dev",
    "stability-flags": {
        "fezfez/php-to-zephir": 20
    },
    "prefer-stable": true,
    "prefer-lowest": false,
    "platform": [],
    "platform-dev": []
}
